
Microsoft Visual Studio Solution File, Format Version 12.00
# Visual Studio Version 16
VisualStudioVersion = 16.0.30011.22
MinimumVisualStudioVersion = 10.0.40219.1
Project("{FAE04EC0-301F-11D3-BF4B-00C04F79EFBC}") = "SalesWebMVC", "SalesWebMVC\SalesWebMVC.csproj", "{B587FEAC-0360-4B5B-948D-DD2C76C03A71}"
EndProject
Global
	GlobalSection(SolutionConfigurationPlatforms) = preSolution
		Debug|Any CPU = Debug|Any CPU
		Release|Any CPU = Release|Any CPU
	EndGlobalSection
	GlobalSection(ProjectConfigurationPlatforms) = postSolution
		{B587FEAC-0360-4B5B-948D-DD2C76C03A71}.Debug|Any CPU.ActiveCfg = Debug|Any CPU
		{B587FEAC-0360-4B5B-948D-DD2C76C03A71}.Debug|Any CPU.Build.0 = Debug|Any CPU
		{B587FEAC-0360-4B5B-948D-DD2C76C03A71}.Release|Any CPU.ActiveCfg = Release|Any CPU
		{B587FEAC-0360-4B5B-948D-DD2C76C03A71}.Release|Any CPU.Build.0 = Release|Any CPU
	EndGlobalSection
	GlobalSection(SolutionProperties) = preSolution
		HideSolutionNode = FALSE
	EndGlobalSection
	GlobalSection(ExtensibilityGlobals) = postSolution
		SolutionGuid = {1C876F46-E74E-48B7-ACCB-A5ABA5B48250}
	EndGlobalSection
EndGlobal
